// !$*UTF8*$!
{
	archiveVersion = 1;
	classes = {
	};
	objectVersion = 50;
	objects = {

/* Begin PBXBuildFile section */
		187397282330B57200E9DE32 /* AppDelegate.swift in Sources */ = {isa = PBXBuildFile; fileRef = 187397272330B57200E9DE32 /* AppDelegate.swift */; };
		1873972A2330B57200E9DE32 /* ViewController.swift in Sources */ = {isa = PBXBuildFile; fileRef = 187397292330B57200E9DE32 /* ViewController.swift */; };
		1873972D2330B57200E9DE32 /* Main.storyboard in Resources */ = {isa = PBXBuildFile; fileRef = 1873972B2330B57200E9DE32 /* Main.storyboard */; };
		1873972F2330B57500E9DE32 /* Assets.xcassets in Resources */ = {isa = PBXBuildFile; fileRef = 1873972E2330B57500E9DE32 /* Assets.xcassets */; };
		187397322330B57500E9DE32 /* LaunchScreen.storyboard in Resources */ = {isa = PBXBuildFile; fileRef = 187397302330B57500E9DE32 /* LaunchScreen.storyboard */; };
		1873973B2330B5CC00E9DE32 /* VoiceManager.swift in Sources */ = {isa = PBXBuildFile; fileRef = 1873973A2330B5CC00E9DE32 /* VoiceManager.swift */; };
/* End PBXBuildFile section */

/* Begin PBXFileReference section */
		187397242330B57200E9DE32 /* VoiceManager.app */ = {isa = PBXFileReference; explicitFileType = wrapper.application; includeInIndex = 0; path = VoiceManager.app; sourceTree = BUILT_PRODUCTS_DIR; };
		187397272330B57200E9DE32 /* AppDelegate.swift */ = {isa = PBXFileReference; lastKnownFileType = sourcecode.swift; path = AppDelegate.swift; sourceTree = "<group>"; };
		187397292330B57200E9DE32 /* ViewController.swift */ = {isa = PBXFileReference; lastKnownFileType = sourcecode.swift; path = ViewController.swift; sourceTree = "<group>"; };
		1873972C2330B57200E9DE32 /* Base */ = {isa = PBXFileReference; lastKnownFileType = file.storyboard; name = Base; path = Base.lproj/Main.storyboard; sourceTree = "<group>"; };
		1873972E2330B57500E9DE32 /* Assets.xcassets */ = {isa = PBXFileReference; lastKnownFileType = folder.assetcatalog; path = Assets.xcassets; sourceTree = "<group>"; };
		187397312330B57500E9DE32 /* Base */ = {isa = PBXFileReference; lastKnownFileType = file.storyboard; name = Base; path = Base.lproj/LaunchScreen.storyboard; sourceTree = "<group>"; };
		187397332330B57500E9DE32 /* Info.plist */ = {isa = PBXFileReference; lastKnownFileType = text.plist.xml; path = Info.plist; sourceTree = "<group>"; };
		1873973A2330B5CC00E9DE32 /* VoiceManager.swift */ = {isa = PBXFileReference; lastKnownFileType = sourcecode.swift; path = VoiceManager.swift; sourceTree = "<group>"; };
/* End PBXFileReference section */

/* Begin PBXFrameworksBuildPhase section */
		187397212330B57200E9DE32 /* Frameworks */ = {
			isa = PBXFrameworksBuildPhase;
			buildActionMask = 2147483647;
			files = (
			);
			runOnlyForDeploymentPostprocessing = 0;
		};
/* End PBXFrameworksBuildPhase section */

/* Begin PBXGroup section */
		1873971B2330B57200E9DE32 = {
			isa = PBXGroup;
			children = (
				187397262330B57200E9DE32 /* VoiceManager */,
				187397252330B57200E9DE32 /* Products */,
			);
			sourceTree = "<group>";
		};
		187397252330B57200E9DE32 /* Products */ = {
			isa = PBXGroup;
			children = (
				187397242330B57200E9DE32 /* VoiceManager.app */,
			);
			name = Products;
			sourceTree = "<group>";
		};
		187397262330B57200E9DE32 /* VoiceManager */ = {
			isa = PBXGroup;
			children = (
				1873973D2330B84100E9DE32 /* View */,
				1873973C2330B83300E9DE32 /* Controller */,
				187397392330B5AF00E9DE32 /* Helper */,
				187397272330B57200E9DE32 /* AppDelegate.swift */,
				1873972E2330B57500E9DE32 /* Assets.xcassets */,
				187397302330B57500E9DE32 /* LaunchScreen.storyboard */,
				187397332330B57500E9DE32 /* Info.plist */,
			);
			path = VoiceManager;
			sourceTree = "<group>";
		};
		187397392330B5AF00E9DE32 /* Helper */ = {
			isa = PBXGroup;
			children = (
				1873973A2330B5CC00E9DE32 /* VoiceManager.swift */,
			);
			path = Helper;
			sourceTree = "<group>";
		};
		1873973C2330B83300E9DE32 /* Controller */ = {
			isa = PBXGroup;
			children = (
				187397292330B57200E9DE32 /* ViewController.swift */,
			);
			path = Controller;
			sourceTree = "<group>";
		};
		1873973D2330B84100E9DE32 /* View */ = {
			isa = PBXGroup;
			children = (
				1873972B2330B57200E9DE32 /* Main.storyboard */,
			);
			path = View;
			sourceTree = "<group>";
		};
/* End PBXGroup section */

/* Begin PBXNativeTarget section */
		187397232330B57200E9DE32 /* VoiceManager */ = {
			isa = PBXNativeTarget;
			buildConfigurationList = 187397362330B57500E9DE32 /* Build configuration list for PBXNativeTarget "VoiceManager" */;
			buildPhases = (
				187397202330B57200E9DE32 /* Sources */,
				187397212330B57200E9DE32 /* Frameworks */,
				187397222330B57200E9DE32 /* Resources */,
			);
			buildRules = (
			);
			dependencies = (
			);
			name = VoiceManager;
			productName = VoiceManager;
			productReference = 187397242330B57200E9DE32 /* VoiceManager.app */;
			productType = "com.apple.product-type.application";
		};
/* End PBXNativeTarget section */

/* Begin PBXProject section */
		1873971C2330B57200E9DE32 /* Project object */ = {
			isa = PBXProject;
			attributes = {
				LastSwiftUpdateCheck = 1020;
				LastUpgradeCheck = 1020;
				ORGANIZATIONNAME = APPLE;
				TargetAttributes = {
					187397232330B57200E9DE32 = {
						CreatedOnToolsVersion = 10.2;
					};
				};
			};
			buildConfigurationList = 1873971F2330B57200E9DE32 /* Build configuration list for PBXProject "VoiceManager" */;
			compatibilityVersion = "Xcode 9.3";
			developmentRegion = en;
			hasScannedForEncodings = 0;
			knownRegions = (
				en,
				Base,
			);
			mainGroup = 1873971B2330B57200E9DE32;
			productRefGroup = 187397252330B57200E9DE32 /* Products */;
			projectDirPath = "";
			projectRoot = "";
			targets = (
				187397232330B57200E9DE32 /* VoiceManager */,
			);
		};
/* End PBXProject section */

/* Begin PBXResourcesBuildPhase section */
		187397222330B57200E9DE32 /* Resources */ = {
			isa = PBXResourcesBuildPhase;
			buildActionMask = 2147483647;
			files = (
				187397322330B57500E9DE32 /* LaunchScreen.storyboard in Resources */,
				1873972F2330B57500E9DE32 /* Assets.xcassets in Resources */,
				1873972D2330B57200E9DE32 /* Main.storyboard in Resources */,
			);
			runOnlyForDeploymentPostprocessing = 0;
		};
/* End PBXResourcesBuildPhase section */

/* Begin PBXSourcesBuildPhase section */
		187397202330B57200E9DE32 /* Sources */ = {
			isa = PBXSourcesBuildPhase;
			buildActionMask = 2147483647;
			files = (
				1873973B2330B5CC00E9DE32 /* VoiceManager.swift in Sources */,
				1873972A2330B57200E9DE32 /* ViewController.swift in Sources */,
				187397282330B57200E9DE32 /* AppDelegate.swift in Sources */,
			);
			runOnlyForDeploymentPostprocessing = 0;
		};
/* End PBXSourcesBuildPhase section */

/* Begin PBXVariantGroup section */
		1873972B2330B57200E9DE32 /* Main.storyboard */ = {
			isa = PBXVariantGroup;
			children = (
				1873972C2330B57200E9DE32 /* Base */,
			);
			name = Main.storyboard;
			sourceTree = "<group>";
		};
		187397302330B57500E9DE32 /* LaunchScreen.storyboard */ = {
			isa = PBXVariantGroup;
			children = (
				187397312330B57500E9DE32 /* Base */,
			);
			name = LaunchScreen.storyboard;
			sourceTree = "<group>";
		};
/* End PBXVariantGroup section */

/* Begin XCBuildConfiguration section */
		187397342330B57500E9DE32 /* Debug */ = {
			isa = XCBuildConfiguration;
			buildSettings = {
				ALWAYS_SEARCH_USER_PATHS = NO;
				CLANG_ANALYZER_NONNULL = YES;
				CLANG_ANALYZER_NUMBER_OBJECT_CONVERSION = YES_AGGRESSIVE;
				CLANG_CXX_LANGUAGE_STANDARD = "gnu++14";
				CLANG_CXX_LIBRARY = "libc++";
				CLANG_ENABLE_MODULES = YES;
				CLANG_ENABLE_OBJC_ARC = YES;
				CLANG_ENABLE_OBJC_WEAK = YES;
				CLANG_WARN_BLOCK_CAPTURE_AUTORELEASING = YES;
				CLANG_WARN_BOOL_CONVERSION = YES;
				CLANG_WARN_COMMA = YES;
				CLANG_WARN_CONSTANT_CONVERSION = YES;
				CLANG_WARN_DEPRECATED_OBJC_IMPLEMENTATIONS = YES;
				CLANG_WARN_DIRECT_OBJC_ISA_USAGE = YES_ERROR;
				CLANG_WARN_DOCUMENTATION_COMMENTS = YES;
				CLANG_WARN_EMPTY_BODY = YES;
				CLANG_WARN_ENUM_CONVERSION = YES;
				CLANG_WARN_INFINITE_RECURSION = YES;
				CLANG_WARN_INT_CONVERSION = YES;
				CLANG_WARN_NON_LITERAL_NULL_CONVERSION = YES;
				CLANG_WARN_OBJC_IMPLICIT_RETAIN_SELF = YES;
				CLANG_WARN_OBJC_LITERAL_CONVERSION = YES;
				CLANG_WARN_OBJC_ROOT_CLASS = YES_ERROR;
				CLANG_WARN_RANGE_LOOP_ANALYSIS = YES;
				CLANG_WARN_STRICT_PROTOTYPES = YES;
				CLANG_WARN_SUSPICIOUS_MOVE = YES;
				CLANG_WARN_UNGUARDED_AVAILABILITY = YES_AGGRESSIVE;
				CLANG_WARN_UNREACHABLE_CODE = YES;
				CLANG_WARN__DUPLICATE_METHOD_MATCH = YES;
				CODE_SIGN_IDENTITY = "iPhone Developer";
				COPY_PHASE_STRIP = NO;
				DEBUG_INFORMATION_FORMAT = dwarf;
				ENABLE_STRICT_OBJC_MSGSEND = YES;
				ENABLE_TESTABILITY = YES;
				GCC_C_LANGUAGE_STANDARD = gnu11;
				GCC_DYNAMIC_NO_PIC = NO;
				GCC_NO_COMMON_BLOCKS = YES;
				GCC_OPTIMIZATION_LEVEL = 0;
				GCC_PREPROCESSOR_DEFINITIONS = (
					"DEBUG=1",
					"$(inherited)",
				);
				GCC_WARN_64_TO_32_BIT_CONVERSION = YES;
				GCC_WARN_ABOUT_RETURN_TYPE = YES_ERROR;
				GCC_WARN_UNDECLARED_SELECTOR = YES;
				GCC_WARN_UNINITIALIZED_AUTOS = YES_AGGRESSIVE;
				GCC_WARN_UNUSED_FUNCTION = YES;
				GCC_WARN_UNUSED_VARIABLE = YES;
				IPHONEOS_DEPLOYMENT_TARGET = 12.2;
				MTL_ENABLE_DEBUG_INFO = INCLUDE_SOURCE;
				MTL_FAST_MATH = YES;
				ONLY_ACTIVE_ARCH = YES;
				SDKROOT = iphoneos;
				SWIFT_ACTIVE_COMPILATION_CONDITIONS = DEBUG;
				SWIFT_OPTIMIZATION_LEVEL = "-Onone";
			};
			name = Debug;
		};
		187397352330B57500E9DE32 /* Release */ = {
			isa = XCBuildConfiguration;
			buildSettings = {
				ALWAYS_SEARCH_USER_PATHS = NO;
				CLANG_ANALYZER_NONNULL = YES;
				CLANG_ANALYZER_NUMBER_OBJECT_CONVERSION = YES_AGGRESSIVE;
				CLANG_CXX_LANGUAGE_STANDARD = "gnu++14";
				CLANG_CXX_LIBRARY = "libc++";
				CLANG_ENABLE_MODULES = YES;
				CLANG_ENABLE_OBJC_ARC = YES;
				CLANG_ENABLE_OBJC_WEAK = YES;
				CLANG_WARN_BLOCK_CAPTURE_AUTORELEASING = YES;
				CLANG_WARN_BOOL_CONVERSION = YES;
				CLANG_WARN_COMMA = YES;
				CLANG_WARN_CONSTANT_CONVERSION = YES;
				CLANG_WARN_DEPRECATED_OBJC_IMPLEMENTATIONS = YES;
				CLANG_WARN_DIRECT_OBJC_ISA_USAGE = YES_ERROR;
				CLANG_WARN_DOCUMENTATION_COMMENTS = YES;
				CLANG_WARN_EMPTY_BODY = YES;
				CLANG_WARN_ENUM_CONVERSION = YES;
				CLANG_WARN_INFINITE_RECURSION = YES;
				CLANG_WARN_INT_CONVERSION = YES;
				CLANG_WARN_NON_LITERAL_NULL_CONVERSION = YES;
				CLANG_WARN_OBJC_IMPLICIT_RETAIN_SELF = YES;
				CLANG_WARN_OBJC_LITERAL_CONVERSION = YES;
				CLANG_WARN_OBJC_ROOT_CLASS = YES_ERROR;
				CLANG_WARN_RANGE_LOOP_ANALYSIS = YES;
				CLANG_WARN_STRICT_PROTOTYPES = YES;
				CLANG_WARN_SUSPICIOUS_MOVE = YES;
				CLANG_WARN_UNGUARDED_AVAILABILITY = YES_AGGRESSIVE;
				CLANG_WARN_UNREACHABLE_CODE = YES;
				CLANG_WARN__DUPLICATE_METHOD_MATCH = YES;
				CODE_SIGN_IDENTITY = "iPhone Developer";
				COPY_PHASE_STRIP = NO;
				DEBUG_INFORMATION_FORMAT = "dwarf-with-dsym";
				ENABLE_NS_ASSERTIONS = NO;
				ENABLE_STRICT_OBJC_MSGSEND = YES;
				GCC_C_LANGUAGE_STANDARD = gnu11;
				GCC_NO_COMMON_BLOCKS = YES;
				GCC_WARN_64_TO_32_BIT_CONVERSION = YES;
				GCC_WARN_ABOUT_RETURN_TYPE = YES_ERROR;
				GCC_WARN_UNDECLARED_SELECTOR = YES;
				GCC_WARN_UNINITIALIZED_AUTOS = YES_AGGRESSIVE;
				GCC_WARN_UNUSED_FUNCTION = YES;
				GCC_WARN_UNUSED_VARIABLE = YES;
				IPHONEOS_DEPLOYMENT_TARGET = 12.2;
				MTL_ENABLE_DEBUG_INFO = NO;
				MTL_FAST_MATH = YES;
				SDKROOT = iphoneos;
				SWIFT_COMPILATION_MODE = wholemodule;
				SWIFT_OPTIMIZATION_LEVEL = "-O";
				VALIDATE_PRODUCT = YES;
			};
			name = Release;
		};
		187397372330B57500E9DE32 /* Debug */ = {
			isa = XCBuildConfiguration;
			buildSettings = {
				ASSETCATALOG_COMPILER_APPICON_NAME = AppIcon;
				CODE_SIGN_STYLE = Automatic;
				DEVELOPMENT_TEAM = C73M8G395L;
				INFOPLIST_FILE = VoiceManager/Info.plist;
				LD_RUNPATH_SEARCH_PATHS = (
					"$(inherited)",
					"@executable_path/Frameworks",
				);
				PRODUCT_BUNDLE_IDENTIFIER = personal.stan.VoiceManager;
				PRODUCT_NAME = "$(TARGET_NAME)";
				SWIFT_VERSION = 5.0;
				TARGETED_DEVICE_FAMILY = "1,2";
			};
			name = Debug;
		};
		187397382330B57500E9DE32 /* Release */ = {
			isa = XCBuildConfiguration;
			buildSettings = {
				ASSETCATALOG_COMPILER_APPICON_NAME = AppIcon;
				CODE_SIGN_STYLE = Automatic;
				DEVELOPMENT_TEAM = C73M8G395L;
				INFOPLIST_FILE = VoiceManager/Info.plist;
				LD_RUNPATH_SEARCH_PATHS = (
					"$(inherited)",
					"@executable_path/Frameworks",
				);
				PRODUCT_BUNDLE_IDENTIFIER = personal.stan.VoiceManager;
				PRODUCT_NAME = "$(TARGET_NAME)";
				SWIFT_VERSION = 5.0;
				TARGETED_DEVICE_FAMILY = "1,2";
			};
			name = Release;
		};
/* End XCBuildConfiguration section */

/* Begin XCConfigurationList section */
		1873971F2330B57200E9DE32 /* Build configuration list for PBXProject "VoiceManager" */ = {
			isa = XCConfigurationList;
			buildConfigurations = (
				187397342330B57500E9DE32 /* Debug */,
				187397352330B57500E9DE32 /* Release */,
			);
			defaultConfigurationIsVisible = 0;
			defaultConfigurationName = Release;
		};
		187397362330B57500E9DE32 /* Build configuration list for PBXNativeTarget "VoiceManager" */ = {
			isa = XCConfigurationList;
			buildConfigurations = (
				187397372330B57500E9DE32 /* Debug */,
				187397382330B57500E9DE32 /* Release */,
			);
			defaultConfigurationIsVisible = 0;
			defaultConfigurationName = Release;
		};
/* End XCConfigurationList section */
	};
	rootObject = 1873971C2330B57200E9DE32 /* Project object */;
}
